
Microsoft Visual Studio Solution File, Format Version 12.00
Project("{FAE04EC0-301F-11D3-BF4B-00C04F79EFBC}") = "Mango.Host", "Mango.Host\Mango.Host.csproj", "{47D6D1A3-921D-4C92-A7CA-5DD69F060A14}"
EndProject
Global
	GlobalSection(SolutionConfigurationPlatforms) = preSolution
		Debug|Any CPU = Debug|Any CPU
		Release|Any CPU = Release|Any CPU
	EndGlobalSection
	GlobalSection(ProjectConfigurationPlatforms) = postSolution
		{47D6D1A3-921D-4C92-A7CA-5DD69F060A14}.Debug|Any CPU.ActiveCfg = Debug|Any CPU
		{47D6D1A3-921D-4C92-A7CA-5DD69F060A14}.Debug|Any CPU.Build.0 = Debug|Any CPU
		{47D6D1A3-921D-4C92-A7CA-5DD69F060A14}.Release|Any CPU.ActiveCfg = Release|Any CPU
		{47D6D1A3-921D-4C92-A7CA-5DD69F060A14}.Release|Any CPU.Build.0 = Release|Any CPU
	EndGlobalSection
EndGlobal
